
Microsoft Visual Studio Solution File, Format Version 12.00
# Visual Studio 14
VisualStudioVersion = 14.0.24627.0
MinimumVisualStudioVersion = 10.0.40219.1
Project("{FAE04EC0-301F-11D3-BF4B-00C04F79EFBC}") = "01.Point3D", "01.Point3D\01.Point3D.csproj", "{84B0DDEE-50D4-4EB5-A61A-B9B9F437CA93}"
EndProject
Project("{FAE04EC0-301F-11D3-BF4B-00C04F79EFBC}") = "Geometry", "Geometry\Geometry.csproj", "{BEF919F8-708A-4D6C-8085-6F43A1E7C723}"
EndProject
Global
	GlobalSection(SolutionConfigurationPlatforms) = preSolution
		Debug|Any CPU = Debug|Any CPU
		Release|Any CPU = Release|Any CPU
	EndGlobalSection
	GlobalSection(ProjectConfigurationPlatforms) = postSolution
		{84B0DDEE-50D4-4EB5-A61A-B9B9F437CA93}.Debug|Any CPU.ActiveCfg = Debug|Any CPU
		{84B0DDEE-50D4-4EB5-A61A-B9B9F437CA93}.Debug|Any CPU.Build.0 = Debug|Any CPU
		{84B0DDEE-50D4-4EB5-A61A-B9B9F437CA93}.Release|Any CPU.ActiveCfg = Release|Any CPU
		{84B0DDEE-50D4-4EB5-A61A-B9B9F437CA93}.Release|Any CPU.Build.0 = Release|Any CPU
		{BEF919F8-708A-4D6C-8085-6F43A1E7C723}.Debug|Any CPU.ActiveCfg = Debug|Any CPU
		{BEF919F8-708A-4D6C-8085-6F43A1E7C723}.Debug|Any CPU.Build.0 = Debug|Any CPU
		{BEF919F8-708A-4D6C-8085-6F43A1E7C723}.Release|Any CPU.ActiveCfg = Release|Any CPU
		{BEF919F8-708A-4D6C-8085-6F43A1E7C723}.Release|Any CPU.Build.0 = Release|Any CPU
	EndGlobalSection
	GlobalSection(SolutionProperties) = preSolution
		HideSolutionNode = FALSE
	EndGlobalSection
EndGlobal
