
Microsoft Visual Studio Solution File, Format Version 12.00
# Visual Studio 14
VisualStudioVersion = 14.0.24627.0
MinimumVisualStudioVersion = 10.0.40219.1
Project("{FAE04EC0-301F-11D3-BF4B-00C04F79EFBC}") = "01.PersonClass", "ClassesHomework\01.PersonClass.csproj", "{3B2A5751-7007-481C-9EC9-F446A924CBCE}"
EndProject
Project("{FAE04EC0-301F-11D3-BF4B-00C04F79EFBC}") = "02.LaptopShop", "02.LaptopShop\02.LaptopShop.csproj", "{64CD8B15-1314-4C17-9941-F5FBEECA9B15}"
EndProject
Project("{FAE04EC0-301F-11D3-BF4B-00C04F79EFBC}") = "03.PCCatalog", "03.PCCatalog\03.PCCatalog.csproj", "{32E61FE9-649E-4E00-B79E-2DD3A670BC33}"
EndProject
Global
	GlobalSection(SolutionConfigurationPlatforms) = preSolution
		Debug|Any CPU = Debug|Any CPU
		Release|Any CPU = Release|Any CPU
	EndGlobalSection
	GlobalSection(ProjectConfigurationPlatforms) = postSolution
		{3B2A5751-7007-481C-9EC9-F446A924CBCE}.Debug|Any CPU.ActiveCfg = Debug|Any CPU
		{3B2A5751-7007-481C-9EC9-F446A924CBCE}.Debug|Any CPU.Build.0 = Debug|Any CPU
		{3B2A5751-7007-481C-9EC9-F446A924CBCE}.Release|Any CPU.ActiveCfg = Release|Any CPU
		{3B2A5751-7007-481C-9EC9-F446A924CBCE}.Release|Any CPU.Build.0 = Release|Any CPU
		{64CD8B15-1314-4C17-9941-F5FBEECA9B15}.Debug|Any CPU.ActiveCfg = Debug|Any CPU
		{64CD8B15-1314-4C17-9941-F5FBEECA9B15}.Debug|Any CPU.Build.0 = Debug|Any CPU
		{64CD8B15-1314-4C17-9941-F5FBEECA9B15}.Release|Any CPU.ActiveCfg = Release|Any CPU
		{64CD8B15-1314-4C17-9941-F5FBEECA9B15}.Release|Any CPU.Build.0 = Release|Any CPU
		{32E61FE9-649E-4E00-B79E-2DD3A670BC33}.Debug|Any CPU.ActiveCfg = Debug|Any CPU
		{32E61FE9-649E-4E00-B79E-2DD3A670BC33}.Debug|Any CPU.Build.0 = Debug|Any CPU
		{32E61FE9-649E-4E00-B79E-2DD3A670BC33}.Release|Any CPU.ActiveCfg = Release|Any CPU
		{32E61FE9-649E-4E00-B79E-2DD3A670BC33}.Release|Any CPU.Build.0 = Release|Any CPU
	EndGlobalSection
	GlobalSection(SolutionProperties) = preSolution
		HideSolutionNode = FALSE
	EndGlobalSection
EndGlobal
