
Microsoft Visual Studio Solution File, Format Version 12.00
# Visual Studio 14
VisualStudioVersion = 14.0.24627.0
MinimumVisualStudioVersion = 10.0.40219.1
Project("{FAE04EC0-301F-11D3-BF4B-00C04F79EFBC}") = "01.SquareRoot", "01.SquareRoot\01.SquareRoot.csproj", "{7349760E-F6D0-43C4-A442-9C44C5C9EEA2}"
EndProject
Project("{FAE04EC0-301F-11D3-BF4B-00C04F79EFBC}") = "02.EnterNumbers", "02.EnterNumbers\02.EnterNumbers.csproj", "{F94EE4B0-DAD0-4457-90C6-71FF2B03BD2D}"
EndProject
Global
	GlobalSection(SolutionConfigurationPlatforms) = preSolution
		Debug|Any CPU = Debug|Any CPU
		Release|Any CPU = Release|Any CPU
	EndGlobalSection
	GlobalSection(ProjectConfigurationPlatforms) = postSolution
		{7349760E-F6D0-43C4-A442-9C44C5C9EEA2}.Debug|Any CPU.ActiveCfg = Debug|Any CPU
		{7349760E-F6D0-43C4-A442-9C44C5C9EEA2}.Debug|Any CPU.Build.0 = Debug|Any CPU
		{7349760E-F6D0-43C4-A442-9C44C5C9EEA2}.Release|Any CPU.ActiveCfg = Release|Any CPU
		{7349760E-F6D0-43C4-A442-9C44C5C9EEA2}.Release|Any CPU.Build.0 = Release|Any CPU
		{F94EE4B0-DAD0-4457-90C6-71FF2B03BD2D}.Debug|Any CPU.ActiveCfg = Debug|Any CPU
		{F94EE4B0-DAD0-4457-90C6-71FF2B03BD2D}.Debug|Any CPU.Build.0 = Debug|Any CPU
		{F94EE4B0-DAD0-4457-90C6-71FF2B03BD2D}.Release|Any CPU.ActiveCfg = Release|Any CPU
		{F94EE4B0-DAD0-4457-90C6-71FF2B03BD2D}.Release|Any CPU.Build.0 = Release|Any CPU
	EndGlobalSection
	GlobalSection(SolutionProperties) = preSolution
		HideSolutionNode = FALSE
	EndGlobalSection
EndGlobal
